Microsoft Visual Studio Solution File, Format Version 12.00
# Visual Studio 2012
Project("{FAE04EC0-301F-11D3-BF4B-00C04F79EFBC}") = "Dragons", "Dragons.csproj", "{50D0D28B-6C59-49FE-B602-D4FA42860729}"
EndProject
Global
	GlobalSection(SolutionConfigurationPlatforms) = preSolution
	Debug|Any CPU = Debug|Any CPU
	Release|Any CPU = Release|Any CPU
	Tools|Any CPU = Tools|Any CPU
	EndGlobalSection
	GlobalSection(ProjectConfigurationPlatforms) = postSolution
		{50D0D28B-6C59-49FE-B602-D4FA42860729}.Debug|Any CPU.ActiveCfg = Debug|Any CPU
		{50D0D28B-6C59-49FE-B602-D4FA42860729}.Debug|Any CPU.Build.0 = Debug|Any CPU
		{50D0D28B-6C59-49FE-B602-D4FA42860729}.Release|Any CPU.ActiveCfg = Release|Any CPU
		{50D0D28B-6C59-49FE-B602-D4FA42860729}.Release|Any CPU.Build.0 = Release|Any CPU
		{50D0D28B-6C59-49FE-B602-D4FA42860729}.Tools|Any CPU.ActiveCfg = Tools|Any CPU
		{50D0D28B-6C59-49FE-B602-D4FA42860729}.Tools|Any CPU.Build.0 = Tools|Any CPU
	EndGlobalSection
EndGlobal
